
Microsoft Visual Studio Solution File, Format Version 12.00
# Visual Studio Version 16
VisualStudioVersion = 16.0.29306.81
MinimumVisualStudioVersion = 10.0.40219.1
Project("{9A19103F-16F7-4668-BE54-9A1E7A4F7556}") = "MvvmZero", "MvvmZero\MvvmZero.csproj", "{50C18F4F-E55B-4C36-890C-BA98250120F4}"
EndProject
Project("{FAE04EC0-301F-11D3-BF4B-00C04F79EFBC}") = "MvvmZeroTestApp.UWP", "MvvmZeroTestApp\MvvmZeroTestApp.UWP\MvvmZeroTestApp.UWP.csproj", "{1C658F4C-AC99-42E7-9328-D797602247CC}"
EndProject
Project("{FAE04EC0-301F-11D3-BF4B-00C04F79EFBC}") = "MvvmZeroTestApp.Android", "MvvmZeroTestApp\MvvmZeroTestApp.Android\MvvmZeroTestApp.Android.csproj", "{FFDC3FCA-C8E9-4CD0-AAF4-A37B9B16E671}"
EndProject
Project("{FAE04EC0-301F-11D3-BF4B-00C04F79EFBC}") = "MvvmZeroTestApp.iOS", "MvvmZeroTestApp\MvvmZeroTestApp.iOS\MvvmZeroTestApp.iOS.csproj", "{BC7A3A34-AFA7-4E8F-9C1D-74C7528EC0D9}"
EndProject
Project("{9A19103F-16F7-4668-BE54-9A1E7A4F7556}") = "MvvmZeroTestApp", "MvvmZeroTestApp\MvvmZeroTestApp\MvvmZeroTestApp.csproj", "{C56E6556-CA71-4682-B4D3-2284C6BAA795}"
EndProject
Project("{2150E333-8FDC-42A3-9474-1A3956D46DE8}") = "Solution Items", "Solution Items", "{9F251D8C-C096-4186-8FFC-AA3C391D1B35}"
	ProjectSection(SolutionItems) = preProject
		README.md = README.md
	EndProjectSection
EndProject
Global
	GlobalSection(SolutionConfigurationPlatforms) = preSolution
		Ad-Hoc|Any CPU = Ad-Hoc|Any CPU
		Ad-Hoc|ARM = Ad-Hoc|ARM
		Ad-Hoc|iPhone = Ad-Hoc|iPhone
		Ad-Hoc|iPhoneSimulator = Ad-Hoc|iPhoneSimulator
		Ad-Hoc|x64 = Ad-Hoc|x64
		Ad-Hoc|x86 = Ad-Hoc|x86
		AppStore|Any CPU = AppStore|Any CPU
		AppStore|ARM = AppStore|ARM
		AppStore|iPhone = AppStore|iPhone
		AppStore|iPhoneSimulator = AppStore|iPhoneSimulator
		AppStore|x64 = AppStore|x64
		AppStore|x86 = AppStore|x86
		Debug|Any CPU = Debug|Any CPU
		Debug|ARM = Debug|ARM
		Debug|iPhone = Debug|iPhone
		Debug|iPhoneSimulator = Debug|iPhoneSimulator
		Debug|x64 = Debug|x64
		Debug|x86 = Debug|x86
		Release|Any CPU = Release|Any CPU
		Release|ARM = Release|ARM
		Release|iPhone = Release|iPhone
		Release|iPhoneSimulator = Release|iPhoneSimulator
		Release|x64 = Release|x64
		Release|x86 = Release|x86
	EndGlobalSection
	GlobalSection(ProjectConfigurationPlatforms) = postSolution
		{50C18F4F-E55B-4C36-890C-BA98250120F4}.Ad-Hoc|Any CPU.ActiveCfg = Debug|Any CPU
		{50C18F4F-E55B-4C36-890C-BA98250120F4}.Ad-Hoc|Any CPU.Build.0 = Debug|Any CPU
		{50C18F4F-E55B-4C36-890C-BA98250120F4}.Ad-Hoc|ARM.ActiveCfg = Debug|Any CPU
		{50C18F4F-E55B-4C36-890C-BA98250120F4}.Ad-Hoc|ARM.Build.0 = Debug|Any CPU
		{50C18F4F-E55B-4C36-890C-BA98250120F4}.Ad-Hoc|iPhone.ActiveCfg = Debug|Any CPU
		{50C18F4F-E55B-4C36-890C-BA98250120F4}.Ad-Hoc|iPhone.Build.0 = Debug|Any CPU
		{50C18F4F-E55B-4C36-890C-BA98250120F4}.Ad-Hoc|iPhoneSimulator.ActiveCfg = Debug|Any CPU
		{50C18F4F-E55B-4C36-890C-BA98250120F4}.Ad-Hoc|iPhoneSimulator.Build.0 = Debug|Any CPU
		{50C18F4F-E55B-4C36-890C-BA98250120F4}.Ad-Hoc|x64.ActiveCfg = Debug|Any CPU
		{50C18F4F-E55B-4C36-890C-BA98250120F4}.Ad-Hoc|x64.Build.0 = Debug|Any CPU
		{50C18F4F-E55B-4C36-890C-BA98250120F4}.Ad-Hoc|x86.ActiveCfg = Debug|Any CPU
		{50C18F4F-E55B-4C36-890C-BA98250120F4}.Ad-Hoc|x86.Build.0 = Debug|Any CPU
		{50C18F4F-E55B-4C36-890C-BA98250120F4}.AppStore|Any CPU.ActiveCfg = Debug|Any CPU
		{50C18F4F-E55B-4C36-890C-BA98250120F4}.AppStore|Any CPU.Build.0 = Debug|Any CPU
		{50C18F4F-E55B-4C36-890C-BA98250120F4}.AppStore|ARM.ActiveCfg = Debug|Any CPU
		{50C18F4F-E55B-4C36-890C-BA98250120F4}.AppStore|ARM.Build.0 = Debug|Any CPU
		{50C18F4F-E55B-4C36-890C-BA98250120F4}.AppStore|iPhone.ActiveCfg = Debug|Any CPU
		{50C18F4F-E55B-4C36-890C-BA98250120F4}.AppStore|iPhone.Build.0 = Debug|Any CPU
		{50C18F4F-E55B-4C36-890C-BA98250120F4}.AppStore|iPhoneSimulator.ActiveCfg = Debug|Any CPU
		{50C18F4F-E55B-4C36-890C-BA98250120F4}.AppStore|iPhoneSimulator.Build.0 = Debug|Any CPU
		{50C18F4F-E55B-4C36-890C-BA98250120F4}.AppStore|x64.ActiveCfg = Debug|Any CPU
		{50C18F4F-E55B-4C36-890C-BA98250120F4}.AppStore|x64.Build.0 = Debug|Any CPU
		{50C18F4F-E55B-4C36-890C-BA98250120F4}.AppStore|x86.ActiveCfg = Debug|Any CPU
		{50C18F4F-E55B-4C36-890C-BA98250120F4}.AppStore|x86.Build.0 = Debug|Any CPU
		{50C18F4F-E55B-4C36-890C-BA98250120F4}.Debug|Any CPU.ActiveCfg = Debug|Any CPU
		{50C18F4F-E55B-4C36-890C-BA98250120F4}.Debug|Any CPU.Build.0 = Debug|Any CPU
		{50C18F4F-E55B-4C36-890C-BA98250120F4}.Debug|ARM.ActiveCfg = Debug|Any CPU
		{50C18F4F-E55B-4C36-890C-BA98250120F4}.Debug|ARM.Build.0 = Debug|Any CPU
		{50C18F4F-E55B-4C36-890C-BA98250120F4}.Debug|iPhone.ActiveCfg = Debug|Any CPU
		{50C18F4F-E55B-4C36-890C-BA98250120F4}.Debug|iPhone.Build.0 = Debug|Any CPU
		{50C18F4F-E55B-4C36-890C-BA98250120F4}.Debug|iPhoneSimulator.ActiveCfg = Debug|Any CPU
		{50C18F4F-E55B-4C36-890C-BA98250120F4}.Debug|iPhoneSimulator.Build.0 = Debug|Any CPU
		{50C18F4F-E55B-4C36-890C-BA98250120F4}.Debug|x64.ActiveCfg = Debug|Any CPU
		{50C18F4F-E55B-4C36-890C-BA98250120F4}.Debug|x64.Build.0 = Debug|Any CPU
		{50C18F4F-E55B-4C36-890C-BA98250120F4}.Debug|x86.ActiveCfg = Debug|Any CPU
		{50C18F4F-E55B-4C36-890C-BA98250120F4}.Debug|x86.Build.0 = Debug|Any CPU
		{50C18F4F-E55B-4C36-890C-BA98250120F4}.Release|Any CPU.ActiveCfg = Release|Any CPU
		{50C18F4F-E55B-4C36-890C-BA98250120F4}.Release|Any CPU.Build.0 = Release|Any CPU
		{50C18F4F-E55B-4C36-890C-BA98250120F4}.Release|ARM.ActiveCfg = Release|Any CPU
		{50C18F4F-E55B-4C36-890C-BA98250120F4}.Release|ARM.Build.0 = Release|Any CPU
		{50C18F4F-E55B-4C36-890C-BA98250120F4}.Release|iPhone.ActiveCfg = Release|Any CPU
		{50C18F4F-E55B-4C36-890C-BA98250120F4}.Release|iPhone.Build.0 = Release|Any CPU
		{50C18F4F-E55B-4C36-890C-BA98250120F4}.Release|iPhoneSimulator.ActiveCfg = Release|Any CPU
		{50C18F4F-E55B-4C36-890C-BA98250120F4}.Release|iPhoneSimulator.Build.0 = Release|Any CPU
		{50C18F4F-E55B-4C36-890C-BA98250120F4}.Release|x64.ActiveCfg = Release|Any CPU
		{50C18F4F-E55B-4C36-890C-BA98250120F4}.Release|x64.Build.0 = Release|Any CPU
		{50C18F4F-E55B-4C36-890C-BA98250120F4}.Release|x86.ActiveCfg = Release|Any CPU
		{50C18F4F-E55B-4C36-890C-BA98250120F4}.Release|x86.Build.0 = Release|Any CPU
		{1C658F4C-AC99-42E7-9328-D797602247CC}.Ad-Hoc|Any CPU.ActiveCfg = Release|x86
		{1C658F4C-AC99-42E7-9328-D797602247CC}.Ad-Hoc|Any CPU.Build.0 = Release|x86
		{1C658F4C-AC99-42E7-9328-D797602247CC}.Ad-Hoc|Any CPU.Deploy.0 = Release|x86
		{1C658F4C-AC99-42E7-9328-D797602247CC}.Ad-Hoc|ARM.ActiveCfg = Release|ARM
		{1C658F4C-AC99-42E7-9328-D797602247CC}.Ad-Hoc|ARM.Build.0 = Release|ARM
		{1C658F4C-AC99-42E7-9328-D797602247CC}.Ad-Hoc|ARM.Deploy.0 = Release|ARM
		{1C658F4C-AC99-42E7-9328-D797602247CC}.Ad-Hoc|iPhone.ActiveCfg = Release|x86
		{1C658F4C-AC99-42E7-9328-D797602247CC}.Ad-Hoc|iPhone.Build.0 = Release|x86
		{1C658F4C-AC99-42E7-9328-D797602247CC}.Ad-Hoc|iPhone.Deploy.0 = Release|x86
		{1C658F4C-AC99-42E7-9328-D797602247CC}.Ad-Hoc|iPhoneSimulator.ActiveCfg = Release|x86
		{1C658F4C-AC99-42E7-9328-D797602247CC}.Ad-Hoc|iPhoneSimulator.Build.0 = Release|x86
		{1C658F4C-AC99-42E7-9328-D797602247CC}.Ad-Hoc|iPhoneSimulator.Deploy.0 = Release|x86
		{1C658F4C-AC99-42E7-9328-D797602247CC}.Ad-Hoc|x64.ActiveCfg = Release|x64
		{1C658F4C-AC99-42E7-9328-D797602247CC}.Ad-Hoc|x64.Build.0 = Release|x64
		{1C658F4C-AC99-42E7-9328-D797602247CC}.Ad-Hoc|x64.Deploy.0 = Release|x64
		{1C658F4C-AC99-42E7-9328-D797602247CC}.Ad-Hoc|x86.ActiveCfg = Release|x86
		{1C658F4C-AC99-42E7-9328-D797602247CC}.Ad-Hoc|x86.Build.0 = Release|x86
		{1C658F4C-AC99-42E7-9328-D797602247CC}.Ad-Hoc|x86.Deploy.0 = Release|x86
		{1C658F4C-AC99-42E7-9328-D797602247CC}.AppStore|Any CPU.ActiveCfg = Release|x86
		{1C658F4C-AC99-42E7-9328-D797602247CC}.AppStore|Any CPU.Build.0 = Release|x86
		{1C658F4C-AC99-42E7-9328-D797602247CC}.AppStore|Any CPU.Deploy.0 = Release|x86
		{1C658F4C-AC99-42E7-9328-D797602247CC}.AppStore|ARM.ActiveCfg = Release|ARM
		{1C658F4C-AC99-42E7-9328-D797602247CC}.AppStore|ARM.Build.0 = Release|ARM
		{1C658F4C-AC99-42E7-9328-D797602247CC}.AppStore|ARM.Deploy.0 = Release|ARM
		{1C658F4C-AC99-42E7-9328-D797602247CC}.AppStore|iPhone.ActiveCfg = Release|x86
		{1C658F4C-AC99-42E7-9328-D797602247CC}.AppStore|iPhone.Build.0 = Release|x86
		{1C658F4C-AC99-42E7-9328-D797602247CC}.AppStore|iPhone.Deploy.0 = Release|x86
		{1C658F4C-AC99-42E7-9328-D797602247CC}.AppStore|iPhoneSimulator.ActiveCfg = Release|x86
		{1C658F4C-AC99-42E7-9328-D797602247CC}.AppStore|iPhoneSimulator.Build.0 = Release|x86
		{1C658F4C-AC99-42E7-9328-D797602247CC}.AppStore|iPhoneSimulator.Deploy.0 = Release|x86
		{1C658F4C-AC99-42E7-9328-D797602247CC}.AppStore|x64.ActiveCfg = Release|x64
		{1C658F4C-AC99-42E7-9328-D797602247CC}.AppStore|x64.Build.0 = Release|x64
		{1C658F4C-AC99-42E7-9328-D797602247CC}.AppStore|x64.Deploy.0 = Release|x64
		{1C658F4C-AC99-42E7-9328-D797602247CC}.AppStore|x86.ActiveCfg = Release|x86
		{1C658F4C-AC99-42E7-9328-D797602247CC}.AppStore|x86.Build.0 = Release|x86
		{1C658F4C-AC99-42E7-9328-D797602247CC}.AppStore|x86.Deploy.0 = Release|x86
		{1C658F4C-AC99-42E7-9328-D797602247CC}.Debug|Any CPU.ActiveCfg = Debug|x86
		{1C658F4C-AC99-42E7-9328-D797602247CC}.Debug|Any CPU.Build.0 = Debug|x86
		{1C658F4C-AC99-42E7-9328-D797602247CC}.Debug|Any CPU.Deploy.0 = Debug|x86
		{1C658F4C-AC99-42E7-9328-D797602247CC}.Debug|ARM.ActiveCfg = Debug|ARM
		{1C658F4C-AC99-42E7-9328-D797602247CC}.Debug|ARM.Build.0 = Debug|ARM
		{1C658F4C-AC99-42E7-9328-D797602247CC}.Debug|ARM.Deploy.0 = Debug|ARM
		{1C658F4C-AC99-42E7-9328-D797602247CC}.Debug|iPhone.ActiveCfg = Debug|x86
		{1C658F4C-AC99-42E7-9328-D797602247CC}.Debug|iPhone.Build.0 = Debug|x86
		{1C658F4C-AC99-42E7-9328-D797602247CC}.Debug|iPhoneSimulator.ActiveCfg = Debug|x86
		{1C658F4C-AC99-42E7-9328-D797602247CC}.Debug|x64.ActiveCfg = Debug|x64
		{1C658F4C-AC99-42E7-9328-D797602247CC}.Debug|x64.Build.0 = Debug|x64
		{1C658F4C-AC99-42E7-9328-D797602247CC}.Debug|x64.Deploy.0 = Debug|x64
		{1C658F4C-AC99-42E7-9328-D797602247CC}.Debug|x86.ActiveCfg = Debug|x64
		{1C658F4C-AC99-42E7-9328-D797602247CC}.Debug|x86.Build.0 = Debug|x64
		{1C658F4C-AC99-42E7-9328-D797602247CC}.Debug|x86.Deploy.0 = Debug|x64
		{1C658F4C-AC99-42E7-9328-D797602247CC}.Release|Any CPU.ActiveCfg = Release|x86
		{1C658F4C-AC99-42E7-9328-D797602247CC}.Release|ARM.ActiveCfg = Release|ARM
		{1C658F4C-AC99-42E7-9328-D797602247CC}.Release|ARM.Build.0 = Release|ARM
		{1C658F4C-AC99-42E7-9328-D797602247CC}.Release|ARM.Deploy.0 = Release|ARM
		{1C658F4C-AC99-42E7-9328-D797602247CC}.Release|iPhone.ActiveCfg = Release|x86
		{1C658F4C-AC99-42E7-9328-D797602247CC}.Release|iPhoneSimulator.ActiveCfg = Release|x86
		{1C658F4C-AC99-42E7-9328-D797602247CC}.Release|x64.ActiveCfg = Release|x64
		{1C658F4C-AC99-42E7-9328-D797602247CC}.Release|x64.Build.0 = Release|x64
		{1C658F4C-AC99-42E7-9328-D797602247CC}.Release|x64.Deploy.0 = Release|x64
		{1C658F4C-AC99-42E7-9328-D797602247CC}.Release|x86.ActiveCfg = Release|x86
		{1C658F4C-AC99-42E7-9328-D797602247CC}.Release|x86.Build.0 = Release|x86
		{1C658F4C-AC99-42E7-9328-D797602247CC}.Release|x86.Deploy.0 = Release|x86
		{FFDC3FCA-C8E9-4CD0-AAF4-A37B9B16E671}.Ad-Hoc|Any CPU.ActiveCfg = Release|Any CPU
		{FFDC3FCA-C8E9-4CD0-AAF4-A37B9B16E671}.Ad-Hoc|Any CPU.Build.0 = Release|Any CPU
		{FFDC3FCA-C8E9-4CD0-AAF4-A37B9B16E671}.Ad-Hoc|Any CPU.Deploy.0 = Release|Any CPU
		{FFDC3FCA-C8E9-4CD0-AAF4-A37B9B16E671}.Ad-Hoc|ARM.ActiveCfg = Release|Any CPU
		{FFDC3FCA-C8E9-4CD0-AAF4-A37B9B16E671}.Ad-Hoc|ARM.Build.0 = Release|Any CPU
		{FFDC3FCA-C8E9-4CD0-AAF4-A37B9B16E671}.Ad-Hoc|ARM.Deploy.0 = Release|Any CPU
		{FFDC3FCA-C8E9-4CD0-AAF4-A37B9B16E671}.Ad-Hoc|iPhone.ActiveCfg = Release|Any CPU
		{FFDC3FCA-C8E9-4CD0-AAF4-A37B9B16E671}.Ad-Hoc|iPhone.Build.0 = Release|Any CPU
		{FFDC3FCA-C8E9-4CD0-AAF4-A37B9B16E671}.Ad-Hoc|iPhone.Deploy.0 = Release|Any CPU
		{FFDC3FCA-C8E9-4CD0-AAF4-A37B9B16E671}.Ad-Hoc|iPhoneSimulator.ActiveCfg = Release|Any CPU
		{FFDC3FCA-C8E9-4CD0-AAF4-A37B9B16E671}.Ad-Hoc|iPhoneSimulator.Build.0 = Release|Any CPU
		{FFDC3FCA-C8E9-4CD0-AAF4-A37B9B16E671}.Ad-Hoc|iPhoneSimulator.Deploy.0 = Release|Any CPU
		{FFDC3FCA-C8E9-4CD0-AAF4-A37B9B16E671}.Ad-Hoc|x64.ActiveCfg = Release|Any CPU
		{FFDC3FCA-C8E9-4CD0-AAF4-A37B9B16E671}.Ad-Hoc|x64.Build.0 = Release|Any CPU
		{FFDC3FCA-C8E9-4CD0-AAF4-A37B9B16E671}.Ad-Hoc|x64.Deploy.0 = Release|Any CPU
		{FFDC3FCA-C8E9-4CD0-AAF4-A37B9B16E671}.Ad-Hoc|x86.ActiveCfg = Release|Any CPU
		{FFDC3FCA-C8E9-4CD0-AAF4-A37B9B16E671}.Ad-Hoc|x86.Build.0 = Release|Any CPU
		{FFDC3FCA-C8E9-4CD0-AAF4-A37B9B16E671}.Ad-Hoc|x86.Deploy.0 = Release|Any CPU
		{FFDC3FCA-C8E9-4CD0-AAF4-A37B9B16E671}.AppStore|Any CPU.ActiveCfg = Release|Any CPU
		{FFDC3FCA-C8E9-4CD0-AAF4-A37B9B16E671}.AppStore|Any CPU.Build.0 = Release|Any CPU
		{FFDC3FCA-C8E9-4CD0-AAF4-A37B9B16E671}.AppStore|Any CPU.Deploy.0 = Release|Any CPU
		{FFDC3FCA-C8E9-4CD0-AAF4-A37B9B16E671}.AppStore|ARM.ActiveCfg = Release|Any CPU
		{FFDC3FCA-C8E9-4CD0-AAF4-A37B9B16E671}.AppStore|ARM.Build.0 = Release|Any CPU
		{FFDC3FCA-C8E9-4CD0-AAF4-A37B9B16E671}.AppStore|ARM.Deploy.0 = Release|Any CPU
		{FFDC3FCA-C8E9-4CD0-AAF4-A37B9B16E671}.AppStore|iPhone.ActiveCfg = Release|Any CPU
		{FFDC3FCA-C8E9-4CD0-AAF4-A37B9B16E671}.AppStore|iPhone.Build.0 = Release|Any CPU
		{FFDC3FCA-C8E9-4CD0-AAF4-A37B9B16E671}.AppStore|iPhone.Deploy.0 = Release|Any CPU
		{FFDC3FCA-C8E9-4CD0-AAF4-A37B9B16E671}.AppStore|iPhoneSimulator.ActiveCfg = Release|Any CPU
		{FFDC3FCA-C8E9-4CD0-AAF4-A37B9B16E671}.AppStore|iPhoneSimulator.Build.0 = Release|Any CPU
		{FFDC3FCA-C8E9-4CD0-AAF4-A37B9B16E671}.AppStore|iPhoneSimulator.Deploy.0 = Release|Any CPU
		{FFDC3FCA-C8E9-4CD0-AAF4-A37B9B16E671}.AppStore|x64.ActiveCfg = Release|Any CPU
		{FFDC3FCA-C8E9-4CD0-AAF4-A37B9B16E671}.AppStore|x64.Build.0 = Release|Any CPU
		{FFDC3FCA-C8E9-4CD0-AAF4-A37B9B16E671}.AppStore|x64.Deploy.0 = Release|Any CPU
		{FFDC3FCA-C8E9-4CD0-AAF4-A37B9B16E671}.AppStore|x86.ActiveCfg = Release|Any CPU
		{FFDC3FCA-C8E9-4CD0-AAF4-A37B9B16E671}.AppStore|x86.Build.0 = Release|Any CPU
		{FFDC3FCA-C8E9-4CD0-AAF4-A37B9B16E671}.AppStore|x86.Deploy.0 = Release|Any CPU
		{FFDC3FCA-C8E9-4CD0-AAF4-A37B9B16E671}.Debug|Any CPU.ActiveCfg = Debug|Any CPU
		{FFDC3FCA-C8E9-4CD0-AAF4-A37B9B16E671}.Debug|Any CPU.Build.0 = Debug|Any CPU
		{FFDC3FCA-C8E9-4CD0-AAF4-A37B9B16E671}.Debug|Any CPU.Deploy.0 = Debug|Any CPU
		{FFDC3FCA-C8E9-4CD0-AAF4-A37B9B16E671}.Debug|ARM.ActiveCfg = Debug|Any CPU
		{FFDC3FCA-C8E9-4CD0-AAF4-A37B9B16E671}.Debug|ARM.Build.0 = Debug|Any CPU
		{FFDC3FCA-C8E9-4CD0-AAF4-A37B9B16E671}.Debug|ARM.Deploy.0 = Debug|Any CPU
		{FFDC3FCA-C8E9-4CD0-AAF4-A37B9B16E671}.Debug|iPhone.ActiveCfg = Debug|Any CPU
		{FFDC3FCA-C8E9-4CD0-AAF4-A37B9B16E671}.Debug|iPhone.Build.0 = Debug|Any CPU
		{FFDC3FCA-C8E9-4CD0-AAF4-A37B9B16E671}.Debug|iPhone.Deploy.0 = Debug|Any CPU
		{FFDC3FCA-C8E9-4CD0-AAF4-A37B9B16E671}.Debug|iPhoneSimulator.ActiveCfg = Debug|Any CPU
		{FFDC3FCA-C8E9-4CD0-AAF4-A37B9B16E671}.Debug|iPhoneSimulator.Build.0 = Debug|Any CPU
		{FFDC3FCA-C8E9-4CD0-AAF4-A37B9B16E671}.Debug|iPhoneSimulator.Deploy.0 = Debug|Any CPU
		{FFDC3FCA-C8E9-4CD0-AAF4-A37B9B16E671}.Debug|x64.ActiveCfg = Debug|Any CPU
		{FFDC3FCA-C8E9-4CD0-AAF4-A37B9B16E671}.Debug|x64.Build.0 = Debug|Any CPU
		{FFDC3FCA-C8E9-4CD0-AAF4-A37B9B16E671}.Debug|x64.Deploy.0 = Debug|Any CPU
		{FFDC3FCA-C8E9-4CD0-AAF4-A37B9B16E671}.Debug|x86.ActiveCfg = Debug|Any CPU
		{FFDC3FCA-C8E9-4CD0-AAF4-A37B9B16E671}.Release|Any CPU.ActiveCfg = Release|Any CPU
		{FFDC3FCA-C8E9-4CD0-AAF4-A37B9B16E671}.Release|Any CPU.Build.0 = Release|Any CPU
		{FFDC3FCA-C8E9-4CD0-AAF4-A37B9B16E671}.Release|Any CPU.Deploy.0 = Release|Any CPU
		{FFDC3FCA-C8E9-4CD0-AAF4-A37B9B16E671}.Release|ARM.ActiveCfg = Release|Any CPU
		{FFDC3FCA-C8E9-4CD0-AAF4-A37B9B16E671}.Release|ARM.Build.0 = Release|Any CPU
		{FFDC3FCA-C8E9-4CD0-AAF4-A37B9B16E671}.Release|ARM.Deploy.0 = Release|Any CPU
		{FFDC3FCA-C8E9-4CD0-AAF4-A37B9B16E671}.Release|iPhone.ActiveCfg = Release|Any CPU
		{FFDC3FCA-C8E9-4CD0-AAF4-A37B9B16E671}.Release|iPhone.Build.0 = Release|Any CPU
		{FFDC3FCA-C8E9-4CD0-AAF4-A37B9B16E671}.Release|iPhone.Deploy.0 = Release|Any CPU
		{FFDC3FCA-C8E9-4CD0-AAF4-A37B9B16E671}.Release|iPhoneSimulator.ActiveCfg = Release|Any CPU
		{FFDC3FCA-C8E9-4CD0-AAF4-A37B9B16E671}.Release|iPhoneSimulator.Build.0 = Release|Any CPU
		{FFDC3FCA-C8E9-4CD0-AAF4-A37B9B16E671}.Release|iPhoneSimulator.Deploy.0 = Release|Any CPU
		{FFDC3FCA-C8E9-4CD0-AAF4-A37B9B16E671}.Release|x64.ActiveCfg = Release|Any CPU
		{FFDC3FCA-C8E9-4CD0-AAF4-A37B9B16E671}.Release|x64.Build.0 = Release|Any CPU
		{FFDC3FCA-C8E9-4CD0-AAF4-A37B9B16E671}.Release|x64.Deploy.0 = Release|Any CPU
		{FFDC3FCA-C8E9-4CD0-AAF4-A37B9B16E671}.Release|x86.ActiveCfg = Release|Any CPU
		{FFDC3FCA-C8E9-4CD0-AAF4-A37B9B16E671}.Release|x86.Build.0 = Release|Any CPU
		{FFDC3FCA-C8E9-4CD0-AAF4-A37B9B16E671}.Release|x86.Deploy.0 = Release|Any CPU
		{BC7A3A34-AFA7-4E8F-9C1D-74C7528EC0D9}.Ad-Hoc|Any CPU.ActiveCfg = Release|iPhone
		{BC7A3A34-AFA7-4E8F-9C1D-74C7528EC0D9}.Ad-Hoc|Any CPU.Build.0 = Release|iPhone
		{BC7A3A34-AFA7-4E8F-9C1D-74C7528EC0D9}.Ad-Hoc|ARM.ActiveCfg = Release|iPhone
		{BC7A3A34-AFA7-4E8F-9C1D-74C7528EC0D9}.Ad-Hoc|ARM.Build.0 = Release|iPhone
		{BC7A3A34-AFA7-4E8F-9C1D-74C7528EC0D9}.Ad-Hoc|iPhone.ActiveCfg = Release|iPhone
		{BC7A3A34-AFA7-4E8F-9C1D-74C7528EC0D9}.Ad-Hoc|iPhone.Build.0 = Release|iPhone
		{BC7A3A34-AFA7-4E8F-9C1D-74C7528EC0D9}.Ad-Hoc|iPhoneSimulator.ActiveCfg = Release|iPhoneSimulator
		{BC7A3A34-AFA7-4E8F-9C1D-74C7528EC0D9}.Ad-Hoc|iPhoneSimulator.Build.0 = Release|iPhoneSimulator
		{BC7A3A34-AFA7-4E8F-9C1D-74C7528EC0D9}.Ad-Hoc|x64.ActiveCfg = Release|iPhone
		{BC7A3A34-AFA7-4E8F-9C1D-74C7528EC0D9}.Ad-Hoc|x64.Build.0 = Release|iPhone
		{BC7A3A34-AFA7-4E8F-9C1D-74C7528EC0D9}.Ad-Hoc|x86.ActiveCfg = Release|iPhone
		{BC7A3A34-AFA7-4E8F-9C1D-74C7528EC0D9}.Ad-Hoc|x86.Build.0 = Release|iPhone
		{BC7A3A34-AFA7-4E8F-9C1D-74C7528EC0D9}.AppStore|Any CPU.ActiveCfg = Release|iPhone
		{BC7A3A34-AFA7-4E8F-9C1D-74C7528EC0D9}.AppStore|Any CPU.Build.0 = Release|iPhone
		{BC7A3A34-AFA7-4E8F-9C1D-74C7528EC0D9}.AppStore|ARM.ActiveCfg = Release|iPhone
		{BC7A3A34-AFA7-4E8F-9C1D-74C7528EC0D9}.AppStore|ARM.Build.0 = Release|iPhone
		{BC7A3A34-AFA7-4E8F-9C1D-74C7528EC0D9}.AppStore|iPhone.ActiveCfg = Release|iPhone
		{BC7A3A34-AFA7-4E8F-9C1D-74C7528EC0D9}.AppStore|iPhone.Build.0 = Release|iPhone
		{BC7A3A34-AFA7-4E8F-9C1D-74C7528EC0D9}.AppStore|iPhoneSimulator.ActiveCfg = Release|iPhoneSimulator
		{BC7A3A34-AFA7-4E8F-9C1D-74C7528EC0D9}.AppStore|iPhoneSimulator.Build.0 = Release|iPhoneSimulator
		{BC7A3A34-AFA7-4E8F-9C1D-74C7528EC0D9}.AppStore|x64.ActiveCfg = Release|iPhone
		{BC7A3A34-AFA7-4E8F-9C1D-74C7528EC0D9}.AppStore|x64.Build.0 = Release|iPhone
		{BC7A3A34-AFA7-4E8F-9C1D-74C7528EC0D9}.AppStore|x86.ActiveCfg = Release|iPhone
		{BC7A3A34-AFA7-4E8F-9C1D-74C7528EC0D9}.AppStore|x86.Build.0 = Release|iPhone
		{BC7A3A34-AFA7-4E8F-9C1D-74C7528EC0D9}.Debug|Any CPU.ActiveCfg = Debug|iPhone
		{BC7A3A34-AFA7-4E8F-9C1D-74C7528EC0D9}.Debug|ARM.ActiveCfg = Debug|iPhone
		{BC7A3A34-AFA7-4E8F-9C1D-74C7528EC0D9}.Debug|iPhone.ActiveCfg = Debug|iPhone
		{BC7A3A34-AFA7-4E8F-9C1D-74C7528EC0D9}.Debug|iPhone.Build.0 = Debug|iPhone
		{BC7A3A34-AFA7-4E8F-9C1D-74C7528EC0D9}.Debug|iPhoneSimulator.ActiveCfg = Debug|iPhoneSimulator
		{BC7A3A34-AFA7-4E8F-9C1D-74C7528EC0D9}.Debug|iPhoneSimulator.Build.0 = Debug|iPhoneSimulator
		{BC7A3A34-AFA7-4E8F-9C1D-74C7528EC0D9}.Debug|x64.ActiveCfg = Debug|iPhone
		{BC7A3A34-AFA7-4E8F-9C1D-74C7528EC0D9}.Debug|x86.ActiveCfg = Debug|iPhone
		{BC7A3A34-AFA7-4E8F-9C1D-74C7528EC0D9}.Release|Any CPU.ActiveCfg = Release|iPhone
		{BC7A3A34-AFA7-4E8F-9C1D-74C7528EC0D9}.Release|ARM.ActiveCfg = Release|iPhone
		{BC7A3A34-AFA7-4E8F-9C1D-74C7528EC0D9}.Release|iPhone.ActiveCfg = Release|iPhone
		{BC7A3A34-AFA7-4E8F-9C1D-74C7528EC0D9}.Release|iPhone.Build.0 = Release|iPhone
		{BC7A3A34-AFA7-4E8F-9C1D-74C7528EC0D9}.Release|iPhoneSimulator.ActiveCfg = Release|iPhoneSimulator
		{BC7A3A34-AFA7-4E8F-9C1D-74C7528EC0D9}.Release|iPhoneSimulator.Build.0 = Release|iPhoneSimulator
		{BC7A3A34-AFA7-4E8F-9C1D-74C7528EC0D9}.Release|x64.ActiveCfg = Release|iPhone
		{BC7A3A34-AFA7-4E8F-9C1D-74C7528EC0D9}.Release|x86.ActiveCfg = Release|iPhone
		{C56E6556-CA71-4682-B4D3-2284C6BAA795}.Ad-Hoc|Any CPU.ActiveCfg = Debug|Any CPU
		{C56E6556-CA71-4682-B4D3-2284C6BAA795}.Ad-Hoc|Any CPU.Build.0 = Debug|Any CPU
		{C56E6556-CA71-4682-B4D3-2284C6BAA795}.Ad-Hoc|ARM.ActiveCfg = Debug|Any CPU
		{C56E6556-CA71-4682-B4D3-2284C6BAA795}.Ad-Hoc|ARM.Build.0 = Debug|Any CPU
		{C56E6556-CA71-4682-B4D3-2284C6BAA795}.Ad-Hoc|iPhone.ActiveCfg = Debug|Any CPU
		{C56E6556-CA71-4682-B4D3-2284C6BAA795}.Ad-Hoc|iPhone.Build.0 = Debug|Any CPU
		{C56E6556-CA71-4682-B4D3-2284C6BAA795}.Ad-Hoc|iPhoneSimulator.ActiveCfg = Debug|Any CPU
		{C56E6556-CA71-4682-B4D3-2284C6BAA795}.Ad-Hoc|iPhoneSimulator.Build.0 = Debug|Any CPU
		{C56E6556-CA71-4682-B4D3-2284C6BAA795}.Ad-Hoc|x64.ActiveCfg = Debug|Any CPU
		{C56E6556-CA71-4682-B4D3-2284C6BAA795}.Ad-Hoc|x64.Build.0 = Debug|Any CPU
		{C56E6556-CA71-4682-B4D3-2284C6BAA795}.Ad-Hoc|x86.ActiveCfg = Debug|Any CPU
		{C56E6556-CA71-4682-B4D3-2284C6BAA795}.Ad-Hoc|x86.Build.0 = Debug|Any CPU
		{C56E6556-CA71-4682-B4D3-2284C6BAA795}.AppStore|Any CPU.ActiveCfg = Debug|Any CPU
		{C56E6556-CA71-4682-B4D3-2284C6BAA795}.AppStore|Any CPU.Build.0 = Debug|Any CPU
		{C56E6556-CA71-4682-B4D3-2284C6BAA795}.AppStore|ARM.ActiveCfg = Debug|Any CPU
		{C56E6556-CA71-4682-B4D3-2284C6BAA795}.AppStore|ARM.Build.0 = Debug|Any CPU
		{C56E6556-CA71-4682-B4D3-2284C6BAA795}.AppStore|iPhone.ActiveCfg = Debug|Any CPU
		{C56E6556-CA71-4682-B4D3-2284C6BAA795}.AppStore|iPhone.Build.0 = Debug|Any CPU
		{C56E6556-CA71-4682-B4D3-2284C6BAA795}.AppStore|iPhoneSimulator.ActiveCfg = Debug|Any CPU
		{C56E6556-CA71-4682-B4D3-2284C6BAA795}.AppStore|iPhoneSimulator.Build.0 = Debug|Any CPU
		{C56E6556-CA71-4682-B4D3-2284C6BAA795}.AppStore|x64.ActiveCfg = Debug|Any CPU
		{C56E6556-CA71-4682-B4D3-2284C6BAA795}.AppStore|x64.Build.0 = Debug|Any CPU
		{C56E6556-CA71-4682-B4D3-2284C6BAA795}.AppStore|x86.ActiveCfg = Debug|Any CPU
		{C56E6556-CA71-4682-B4D3-2284C6BAA795}.AppStore|x86.Build.0 = Debug|Any CPU
		{C56E6556-CA71-4682-B4D3-2284C6BAA795}.Debug|Any CPU.ActiveCfg = Debug|Any CPU
		{C56E6556-CA71-4682-B4D3-2284C6BAA795}.Debug|Any CPU.Build.0 = Debug|Any CPU
		{C56E6556-CA71-4682-B4D3-2284C6BAA795}.Debug|ARM.ActiveCfg = Debug|Any CPU
		{C56E6556-CA71-4682-B4D3-2284C6BAA795}.Debug|ARM.Build.0 = Debug|Any CPU
		{C56E6556-CA71-4682-B4D3-2284C6BAA795}.Debug|iPhone.ActiveCfg = Debug|Any CPU
		{C56E6556-CA71-4682-B4D3-2284C6BAA795}.Debug|iPhone.Build.0 = Debug|Any CPU
		{C56E6556-CA71-4682-B4D3-2284C6BAA795}.Debug|iPhoneSimulator.ActiveCfg = Debug|Any CPU
		{C56E6556-CA71-4682-B4D3-2284C6BAA795}.Debug|iPhoneSimulator.Build.0 = Debug|Any CPU
		{C56E6556-CA71-4682-B4D3-2284C6BAA795}.Debug|x64.ActiveCfg = Debug|Any CPU
		{C56E6556-CA71-4682-B4D3-2284C6BAA795}.Debug|x64.Build.0 = Debug|Any CPU
		{C56E6556-CA71-4682-B4D3-2284C6BAA795}.Debug|x86.ActiveCfg = Debug|Any CPU
		{C56E6556-CA71-4682-B4D3-2284C6BAA795}.Debug|x86.Build.0 = Debug|Any CPU
		{C56E6556-CA71-4682-B4D3-2284C6BAA795}.Release|Any CPU.ActiveCfg = Release|Any CPU
		{C56E6556-CA71-4682-B4D3-2284C6BAA795}.Release|Any CPU.Build.0 = Release|Any CPU
		{C56E6556-CA71-4682-B4D3-2284C6BAA795}.Release|ARM.ActiveCfg = Release|Any CPU
		{C56E6556-CA71-4682-B4D3-2284C6BAA795}.Release|ARM.Build.0 = Release|Any CPU
		{C56E6556-CA71-4682-B4D3-2284C6BAA795}.Release|iPhone.ActiveCfg = Release|Any CPU
		{C56E6556-CA71-4682-B4D3-2284C6BAA795}.Release|iPhone.Build.0 = Release|Any CPU
		{C56E6556-CA71-4682-B4D3-2284C6BAA795}.Release|iPhoneSimulator.ActiveCfg = Release|Any CPU
		{C56E6556-CA71-4682-B4D3-2284C6BAA795}.Release|iPhoneSimulator.Build.0 = Release|Any CPU
		{C56E6556-CA71-4682-B4D3-2284C6BAA795}.Release|x64.ActiveCfg = Release|Any CPU
		{C56E6556-CA71-4682-B4D3-2284C6BAA795}.Release|x64.Build.0 = Release|Any CPU
		{C56E6556-CA71-4682-B4D3-2284C6BAA795}.Release|x86.ActiveCfg = Release|Any CPU
		{C56E6556-CA71-4682-B4D3-2284C6BAA795}.Release|x86.Build.0 = Release|Any CPU
	EndGlobalSection
	GlobalSection(SolutionProperties) = preSolution
		HideSolutionNode = FALSE
	EndGlobalSection
	GlobalSection(ExtensibilityGlobals) = postSolution
		SolutionGuid = {C2F703ED-FD71-4643-968C-6D945F341330}
	EndGlobalSection
EndGlobal
